
Microsoft Visual Studio Solution File, Format Version 12.00
# Visual Studio Version 16
VisualStudioVersion = 16.0.31019.35
MinimumVisualStudioVersion = 10.0.40219.1
Project("{FAE04EC0-301F-11D3-BF4B-00C04F79EFBC}") = "ScreenReaderTest.Output", "ScreenReaderTest.Output\ScreenReaderTest.Output.csproj", "{0928387A-8319-45F8-8A2C-4643C3500BC9}"
EndProject
Global
	GlobalSection(SolutionConfigurationPlatforms) = preSolution
		Debug|Any CPU = Debug|Any CPU
		Release|Any CPU = Release|Any CPU
	EndGlobalSection
	GlobalSection(ProjectConfigurationPlatforms) = postSolution
		{0928387A-8319-45F8-8A2C-4643C3500BC9}.Debug|Any CPU.ActiveCfg = Debug|Any CPU
		{0928387A-8319-45F8-8A2C-4643C3500BC9}.Debug|Any CPU.Build.0 = Debug|Any CPU
		{0928387A-8319-45F8-8A2C-4643C3500BC9}.Release|Any CPU.ActiveCfg = Release|Any CPU
		{0928387A-8319-45F8-8A2C-4643C3500BC9}.Release|Any CPU.Build.0 = Release|Any CPU
	EndGlobalSection
	GlobalSection(SolutionProperties) = preSolution
		HideSolutionNode = FALSE
	EndGlobalSection
	GlobalSection(ExtensibilityGlobals) = postSolution
		SolutionGuid = {45422F4C-BAA1-4C62-AB36-41A84F2C4B02}
	EndGlobalSection
EndGlobal
